// !$*UTF8*$!
{
	archiveVersion = 1;
	classes = {
	};
	objectVersion = 46;
	objects = {

/* Begin PBXBuildFile section */
		2044741A1F2B886B0069455F /* AppDelegate.swift in Sources */ = {isa = PBXBuildFile; fileRef = 204474191F2B886B0069455F /* AppDelegate.swift */; };
		2044741C1F2B886B0069455F /* ViewController.swift in Sources */ = {isa = PBXBuildFile; fileRef = 2044741B1F2B886B0069455F /* ViewController.swift */; };
		2044741F1F2B886B0069455F /* Main.storyboard in Resources */ = {isa = PBXBuildFile; fileRef = 2044741D1F2B886B0069455F /* Main.storyboard */; };
		204474211F2B886B0069455F /* Assets.xcassets in Resources */ = {isa = PBXBuildFile; fileRef = 204474201F2B886B0069455F /* Assets.xcassets */; };
		204474241F2B886B0069455F /* LaunchScreen.storyboard in Resources */ = {isa = PBXBuildFile; fileRef = 204474221F2B886B0069455F /* LaunchScreen.storyboard */; };
/* End PBXBuildFile section */

/* Begin PBXFileReference section */
		204474161F2B886B0069455F /* RetroCal.app */ = {isa = PBXFileReference; explicitFileType = wrapper.application; includeInIndex = 0; path = RetroCal.app; sourceTree = BUILT_PRODUCTS_DIR; };
		204474191F2B886B0069455F /* AppDelegate.swift */ = {isa = PBXFileReference; lastKnownFileType = sourcecode.swift; path = AppDelegate.swift; sourceTree = "<group>"; };
		2044741B1F2B886B0069455F /* ViewController.swift */ = {isa = PBXFileReference; lastKnownFileType = sourcecode.swift; path = ViewController.swift; sourceTree = "<group>"; };
		2044741E1F2B886B0069455F /* Base */ = {isa = PBXFileReference; lastKnownFileType = file.storyboard; name = Base; path = Base.lproj/Main.storyboard; sourceTree = "<group>"; };
		204474201F2B886B0069455F /* Assets.xcassets */ = {isa = PBXFileReference; lastKnownFileType = folder.assetcatalog; path = Assets.xcassets; sourceTree = "<group>"; };
		204474231F2B886B0069455F /* Base */ = {isa = PBXFileReference; lastKnownFileType = file.storyboard; name = Base; path = Base.lproj/LaunchScreen.storyboard; sourceTree = "<group>"; };
		204474251F2B886B0069455F /* Info.plist */ = {isa = PBXFileReference; lastKnownFileType = text.plist.xml; path = Info.plist; sourceTree = "<group>"; };
/* End PBXFileReference section */

/* Begin PBXFrameworksBuildPhase section */
		204474131F2B886B0069455F /* Frameworks */ = {
			isa = PBXFrameworksBuildPhase;
			buildActionMask = 2147483647;
			files = (
			);
			runOnlyForDeploymentPostprocessing = 0;
		};
/* End PBXFrameworksBuildPhase section */

/* Begin PBXGroup section */
		2044740D1F2B886B0069455F = {
			isa = PBXGroup;
			children = (
				204474181F2B886B0069455F /* RetroCal */,
				204474171F2B886B0069455F /* Products */,
			);
			sourceTree = "<group>";
		};
		204474171F2B886B0069455F /* Products */ = {
			isa = PBXGroup;
			children = (
				204474161F2B886B0069455F /* RetroCal.app */,
			);
			name = Products;
			sourceTree = "<group>";
		};
		204474181F2B886B0069455F /* RetroCal */ = {
			isa = PBXGroup;
			children = (
				204474191F2B886B0069455F /* AppDelegate.swift */,
				2044741B1F2B886B0069455F /* ViewController.swift */,
				2044741D1F2B886B0069455F /* Main.storyboard */,
				204474201F2B886B0069455F /* Assets.xcassets */,
				204474221F2B886B0069455F /* LaunchScreen.storyboard */,
				204474251F2B886B0069455F /* Info.plist */,
			);
			path = RetroCal;
			sourceTree = "<group>";
		};
/* End PBXGroup section */

/* Begin PBXNativeTarget section */
		204474151F2B886B0069455F /* RetroCal */ = {
			isa = PBXNativeTarget;
			buildConfigurationList = 204474281F2B886B0069455F /* Build configuration list for PBXNativeTarget "RetroCal" */;
			buildPhases = (
				204474121F2B886B0069455F /* Sources */,
				204474131F2B886B0069455F /* Frameworks */,
				204474141F2B886B0069455F /* Resources */,
			);
			buildRules = (
			);
			dependencies = (
			);
			name = RetroCal;
			productName = RetroCal;
			productReference = 204474161F2B886B0069455F /* RetroCal.app */;
			productType = "com.apple.product-type.application";
		};
/* End PBXNativeTarget section */

/* Begin PBXProject section */
		2044740E1F2B886B0069455F /* Project object */ = {
			isa = PBXProject;
			attributes = {
				LastSwiftUpdateCheck = 0830;
				LastUpgradeCheck = 0830;
				ORGANIZATIONNAME = "Nikos Kontothanasis";
				TargetAttributes = {
					204474151F2B886B0069455F = {
						CreatedOnToolsVersion = 8.3.3;
						DevelopmentTeam = EG8BHYQB27;
						ProvisioningStyle = Automatic;
					};
				};
			};
			buildConfigurationList = 204474111F2B886B0069455F /* Build configuration list for PBXProject "RetroCal" */;
			compatibilityVersion = "Xcode 3.2";
			developmentRegion = English;
			hasScannedForEncodings = 0;
			knownRegions = (
				en,
				Base,
			);
			mainGroup = 2044740D1F2B886B0069455F;
			productRefGroup = 204474171F2B886B0069455F /* Products */;
			projectDirPath = "";
			projectRoot = "";
			targets = (
				204474151F2B886B0069455F /* RetroCal */,
			);
		};
/* End PBXProject section */

/* Begin PBXResourcesBuildPhase section */
		204474141F2B886B0069455F /* Resources */ = {
			isa = PBXResourcesBuildPhase;
			buildActionMask = 2147483647;
			files = (
				204474241F2B886B0069455F /* LaunchScreen.storyboard in Resources */,
				204474211F2B886B0069455F /* Assets.xcassets in Resources */,
				2044741F1F2B886B0069455F /* Main.storyboard in Resources */,
			);
			runOnlyForDeploymentPostprocessing = 0;
		};
/* End PBXResourcesBuildPhase section */

/* Begin PBXSourcesBuildPhase section */
		204474121F2B886B0069455F /* Sources */ = {
			isa = PBXSourcesBuildPhase;
			buildActionMask = 2147483647;
			files = (
				2044741C1F2B886B0069455F /* ViewController.swift in Sources */,
				2044741A1F2B886B0069455F /* AppDelegate.swift in Sources */,
			);
			runOnlyForDeploymentPostprocessing = 0;
		};
/* End PBXSourcesBuildPhase section */

/* Begin PBXVariantGroup section */
		2044741D1F2B886B0069455F /* Main.storyboard */ = {
			isa = PBXVariantGroup;
			children = (
				2044741E1F2B886B0069455F /* Base */,
			);
			name = Main.storyboard;
			sourceTree = "<group>";
		};
		204474221F2B886B0069455F /* LaunchScreen.storyboard */ = {
			isa = PBXVariantGroup;
			children = (
				204474231F2B886B0069455F /* Base */,
			);
			name = LaunchScreen.storyboard;
			sourceTree = "<group>";
		};
/* End PBXVariantGroup section */

/* Begin XCBuildConfiguration section */
		204474261F2B886B0069455F /* Debug */ = {
			isa = XCBuildConfiguration;
			buildSettings = {
				ALWAYS_SEARCH_USER_PATHS = NO;
				CLANG_ANALYZER_NONNULL = YES;
				CLANG_ANALYZER_NUMBER_OBJECT_CONVERSION = YES_AGGRESSIVE;
				CLANG_CXX_LANGUAGE_STANDARD = "gnu++0x";
				CLANG_CXX_LIBRARY = "libc++";
				CLANG_ENABLE_MODULES = YES;
				CLANG_ENABLE_OBJC_ARC = YES;
				CLANG_WARN_BOOL_CONVERSION = YES;
				CLANG_WARN_CONSTANT_CONVERSION = YES;
				CLANG_WARN_DIRECT_OBJC_ISA_USAGE = YES_ERROR;
				CLANG_WARN_DOCUMENTATION_COMMENTS = YES;
				CLANG_WARN_EMPTY_BODY = YES;
				CLANG_WARN_ENUM_CONVERSION = YES;
				CLANG_WARN_INFINITE_RECURSION = YES;
				CLANG_WARN_INT_CONVERSION = YES;
				CLANG_WARN_OBJC_ROOT_CLASS = YES_ERROR;
				CLANG_WARN_SUSPICIOUS_MOVE = YES;
				CLANG_WARN_UNREACHABLE_CODE = YES;
				CLANG_WARN__DUPLICATE_METHOD_MATCH = YES;
				"CODE_SIGN_IDENTITY[sdk=iphoneos*]" = "iPhone Developer";
				COPY_PHASE_STRIP = NO;
				DEBUG_INFORMATION_FORMAT = dwarf;
				ENABLE_STRICT_OBJC_MSGSEND = YES;
				ENABLE_TESTABILITY = YES;
				GCC_C_LANGUAGE_STANDARD = gnu99;
				GCC_DYNAMIC_NO_PIC = NO;
				GCC_NO_COMMON_BLOCKS = YES;
				GCC_OPTIMIZATION_LEVEL = 0;
				GCC_PREPROCESSOR_DEFINITIONS = (
					"DEBUG=1",
					"$(inherited)",
				);
				GCC_WARN_64_TO_32_BIT_CONVERSION = YES;
				GCC_WARN_ABOUT_RETURN_TYPE = YES_ERROR;
				GCC_WARN_UNDECLARED_SELECTOR = YES;
				GCC_WARN_UNINITIALIZED_AUTOS = YES_AGGRESSIVE;
				GCC_WARN_UNUSED_FUNCTION = YES;
				GCC_WARN_UNUSED_VARIABLE = YES;
				IPHONEOS_DEPLOYMENT_TARGET = 10.3;
				MTL_ENABLE_DEBUG_INFO = YES;
				ONLY_ACTIVE_ARCH = YES;
				SDKROOT = iphoneos;
				SWIFT_ACTIVE_COMPILATION_CONDITIONS = DEBUG;
				SWIFT_OPTIMIZATION_LEVEL = "-Onone";
				TARGETED_DEVICE_FAMILY = "1,2";
			};
			name = Debug;
		};
		204474271F2B886B0069455F /* Release */ = {
			isa = XCBuildConfiguration;
			buildSettings = {
				ALWAYS_SEARCH_USER_PATHS = NO;
				CLANG_ANALYZER_NONNULL = YES;
				CLANG_ANALYZER_NUMBER_OBJECT_CONVERSION = YES_AGGRESSIVE;
				CLANG_CXX_LANGUAGE_STANDARD = "gnu++0x";
				CLANG_CXX_LIBRARY = "libc++";
				CLANG_ENABLE_MODULES = YES;
				CLANG_ENABLE_OBJC_ARC = YES;
				CLANG_WARN_BOOL_CONVERSION = YES;
				CLANG_WARN_CONSTANT_CONVERSION = YES;
				CLANG_WARN_DIRECT_OBJC_ISA_USAGE = YES_ERROR;
				CLANG_WARN_DOCUMENTATION_COMMENTS = YES;
				CLANG_WARN_EMPTY_BODY = YES;
				CLANG_WARN_ENUM_CONVERSION = YES;
				CLANG_WARN_INFINITE_RECURSION = YES;
				CLANG_WARN_INT_CONVERSION = YES;
				CLANG_WARN_OBJC_ROOT_CLASS = YES_ERROR;
				CLANG_WARN_SUSPICIOUS_MOVE = YES;
				CLANG_WARN_UNREACHABLE_CODE = YES;
				CLANG_WARN__DUPLICATE_METHOD_MATCH = YES;
				"CODE_SIGN_IDENTITY[sdk=iphoneos*]" = "iPhone Developer";
				COPY_PHASE_STRIP = NO;
				DEBUG_INFORMATION_FORMAT = "dwarf-with-dsym";
				ENABLE_NS_ASSERTIONS = NO;
				ENABLE_STRICT_OBJC_MSGSEND = YES;
				GCC_C_LANGUAGE_STANDARD = gnu99;
				GCC_NO_COMMON_BLOCKS = YES;
				GCC_WARN_64_TO_32_BIT_CONVERSION = YES;
				GCC_WARN_ABOUT_RETURN_TYPE = YES_ERROR;
				GCC_WARN_UNDECLARED_SELECTOR = YES;
				GCC_WARN_UNINITIALIZED_AUTOS = YES_AGGRESSIVE;
				GCC_WARN_UNUSED_FUNCTION = YES;
				GCC_WARN_UNUSED_VARIABLE = YES;
				IPHONEOS_DEPLOYMENT_TARGET = 10.3;
				MTL_ENABLE_DEBUG_INFO = NO;
				SDKROOT = iphoneos;
				SWIFT_OPTIMIZATION_LEVEL = "-Owholemodule";
				TARGETED_DEVICE_FAMILY = "1,2";
				VALIDATE_PRODUCT = YES;
			};
			name = Release;
		};
		204474291F2B886B0069455F /* Debug */ = {
			isa = XCBuildConfiguration;
			buildSettings = {
				ASSETCATALOG_COMPILER_APPICON_NAME = AppIcon;
				DEVELOPMENT_TEAM = EG8BHYQB27;
				INFOPLIST_FILE = RetroCal/Info.plist;
				LD_RUNPATH_SEARCH_PATHS = "$(inherited) @executable_path/Frameworks";
				PRODUCT_BUNDLE_IDENTIFIER = com.nikoskontothanasis.tappyhands.RetroCal;
				PRODUCT_NAME = "$(TARGET_NAME)";
				SWIFT_VERSION = 3.0;
			};
			name = Debug;
		};
		2044742A1F2B886B0069455F /* Release */ = {
			isa = XCBuildConfiguration;
			buildSettings = {
				ASSETCATALOG_COMPILER_APPICON_NAME = AppIcon;
				DEVELOPMENT_TEAM = EG8BHYQB27;
				INFOPLIST_FILE = RetroCal/Info.plist;
				LD_RUNPATH_SEARCH_PATHS = "$(inherited) @executable_path/Frameworks";
				PRODUCT_BUNDLE_IDENTIFIER = com.nikoskontothanasis.tappyhands.RetroCal;
				PRODUCT_NAME = "$(TARGET_NAME)";
				SWIFT_VERSION = 3.0;
			};
			name = Release;
		};
/* End XCBuildConfiguration section */

/* Begin XCConfigurationList section */
		204474111F2B886B0069455F /* Build configuration list for PBXProject "RetroCal" */ = {
			isa = XCConfigurationList;
			buildConfigurations = (
				204474261F2B886B0069455F /* Debug */,
				204474271F2B886B0069455F /* Release */,
			);
			defaultConfigurationIsVisible = 0;
			defaultConfigurationName = Release;
		};
		204474281F2B886B0069455F /* Build configuration list for PBXNativeTarget "RetroCal" */ = {
			isa = XCConfigurationList;
			buildConfigurations = (
				204474291F2B886B0069455F /* Debug */,
				2044742A1F2B886B0069455F /* Release */,
			);
			defaultConfigurationIsVisible = 0;
		};
/* End XCConfigurationList section */
	};
	rootObject = 2044740E1F2B886B0069455F /* Project object */;
}
